{
  "nodes": {
    "nixpkgs": {
      "locked": {
        "lastModified": 1730599252,
        "narHash": "sha256-gCkK9sTqEKYRM5db5nPydip//4mQfiW3GTEw874bYps=",
        "owner": "NixOS",
        "repo": "nixpkgs",
        "rev": "3ce0ea52a0a71ac04f4ce0a2c8a629e02a4e6279",
        "type": "github"
      },
      "original": {
        "owner": "NixOS",
        "ref": "nixos-unstable",
        "repo": "nixpkgs",
        "type": "github"
      }
    },
    "root": {
      "inputs": {
        "nixpkgs": "nixpkgs"
      }
    }
  },
  "root": "root",
  "version": 7
}
